
Microsoft Visual Studio Solution File, Format Version 11.00
# Visual Studio 2010
Project("{8BC9CEB8-8B4A-11D0-8D11-00A0C91BC942}") = "FinalProject", "FinalProject\FinalProject.vcxproj", "{83653C39-F2E0-4F4A-BED1-A0C6A808DAB5}"
EndProject
Global
	GlobalSection(SolutionConfigurationPlatforms) = preSolution
		Debug|Win32 = Debug|Win32
		Release|Win32 = Release|Win32
	EndGlobalSection
	GlobalSection(ProjectConfigurationPlatforms) = postSolution
		{83653C39-F2E0-4F4A-BED1-A0C6A808DAB5}.Debug|Win32.ActiveCfg = Debug|Win32
		{83653C39-F2E0-4F4A-BED1-A0C6A808DAB5}.Debug|Win32.Build.0 = Debug|Win32
		{83653C39-F2E0-4F4A-BED1-A0C6A808DAB5}.Release|Win32.ActiveCfg = Release|Win32
		{83653C39-F2E0-4F4A-BED1-A0C6A808DAB5}.Release|Win32.Build.0 = Release|Win32
	EndGlobalSection
	GlobalSection(SolutionProperties) = preSolution
		HideSolutionNode = FALSE
	EndGlobalSection
EndGlobal
