<?xml version="1.0" encoding="utf-8"?>
<Project ToolsVersion="4.0" xmlns="http://schemas.microsoft.com/developer/msbuild/2003">
  <ItemGroup>
    <Filter Include="Fichiers sources">
      <UniqueIdentifier>{4FC737F1-C7A5-4376-A066-2A32D752A2FF}</UniqueIdentifier>
      <Extensions>cpp;c;cc;cxx;def;odl;idl;hpj;bat;asm;asmx</Extensions>
    </Filter>
    <Filter Include="Fichiers d%27en-tête">
      <UniqueIdentifier>{93995380-89BD-4b04-88EB-625FBE52EBFB}</UniqueIdentifier>
      <Extensions>h;hpp;hxx;hm;inl;inc;xsd</Extensions>
    </Filter>
    <Filter Include="Fichiers de ressources">
      <UniqueIdentifier>{67DA6AB6-F800-4c08-8B7A-83BB121AAD01}</UniqueIdentifier>
      <Extensions>rc;ico;cur;bmp;dlg;rc2;rct;bin;rgs;gif;jpg;jpeg;jpe;resx;tiff;tif;png;wav;mfcribbon-ms</Extensions>
    </Filter>
    <Filter Include="Fichiers de ressources\lib">
      <UniqueIdentifier>{5b0ca0d0-017d-409a-b1c4-0e232e8ab20f}</UniqueIdentifier>
    </Filter>
    <Filter Include="Fichiers d%27en-tête\include">
      <UniqueIdentifier>{ce42fb2c-807e-4f53-acef-5c3bbabc6a2b}</UniqueIdentifier>
    </Filter>
    <Filter Include="Fichiers d%27en-tête\SDL">
      <UniqueIdentifier>{61036126-8765-4d44-8392-0591ac2ba52a}</UniqueIdentifier>
    </Filter>
    <Filter Include="Fichiers d%27en-tête\SDL\include">
      <UniqueIdentifier>{6fe75210-d397-4313-ac6e-bfebea584927}</UniqueIdentifier>
    </Filter>
    <Filter Include="Fichiers d%27en-tête\Image">
      <UniqueIdentifier>{d92a869e-d36a-4c5b-b8a2-18e17e9cf61b}</UniqueIdentifier>
    </Filter>
    <Filter Include="Fichiers de ressources\Image">
      <UniqueIdentifier>{d2edc330-3f16-406b-8781-d7ea89d3ae5c}</UniqueIdentifier>
    </Filter>
    <Filter Include="Fichiers de ressources\SDL">
      <UniqueIdentifier>{d70a1e53-5f35-4791-9e5b-0afde8fb821a}</UniqueIdentifier>
    </Filter>
    <Filter Include="Fichiers de ressources\SDL\lib">
      <UniqueIdentifier>{efb1cb41-e02d-4748-ba41-18ca67674c2f}</UniqueIdentifier>
    </Filter>
    <Filter Include="Fichiers de ressources\SDL\lib\x64">
      <UniqueIdentifier>{3b203c2d-bb0b-40c8-a7d0-4e5680f40334}</UniqueIdentifier>
    </Filter>
    <Filter Include="Fichiers de ressources\SDL\lib\x86">
      <UniqueIdentifier>{a3145a5b-caa0-4944-807c-9ee67b58f03a}</UniqueIdentifier>
    </Filter>
    <Filter Include="Fichiers d%27en-tête\GestionRoute">
      <UniqueIdentifier>{eafba57f-9c34-4360-9ce6-2835af6600de}</UniqueIdentifier>
    </Filter>
    <Filter Include="Fichiers sources\GestionRoute">
      <UniqueIdentifier>{b12bbfc9-965b-4a06-a44b-23e455c75464}</UniqueIdentifier>
    </Filter>
    <Filter Include="Fichiers sources\Perso">
      <UniqueIdentifier>{164dff5c-52e0-42cb-8258-b88a02fdceaa}</UniqueIdentifier>
    </Filter>
    <Filter Include="Fichiers d%27en-tête\Perso">
      <UniqueIdentifier>{354ecdc1-6b81-4af1-9b17-69361ac08e91}</UniqueIdentifier>
    </Filter>
    <Filter Include="Fichiers d%27en-tête\GestionAnimation">
      <UniqueIdentifier>{2a55bc9a-b5a5-4cd5-bc80-b2a7e22edd49}</UniqueIdentifier>
    </Filter>
    <Filter Include="Fichiers sources\GestionAnimation">
      <UniqueIdentifier>{b822d232-3148-4941-8851-0757b5bf2ecb}</UniqueIdentifier>
    </Filter>
    <Filter Include="Fichiers sources\LeapMotion">
      <UniqueIdentifier>{37d7309b-0260-4fac-986a-6de869dc25d6}</UniqueIdentifier>
    </Filter>
    <Filter Include="Fichiers d%27en-tête\Fonctionnalite">
      <UniqueIdentifier>{accc71a3-8fa1-479f-a8ca-b8c0c6129af5}</UniqueIdentifier>
    </Filter>
    <Filter Include="Fichiers sources\Fonctionnalite">
      <UniqueIdentifier>{6eab62bd-61f0-48c4-ac2c-72694289f029}</UniqueIdentifier>
    </Filter>
    <Filter Include="Fichiers d%27en-tête\LeapMotion">
      <UniqueIdentifier>{5fb79546-c329-4fe1-9f61-b500537c1675}</UniqueIdentifier>
    </Filter>
    <Filter Include="Fichiers d%27en-tête\GestionDecor">
      <UniqueIdentifier>{d4cf8d77-d205-4250-9a3f-f92562b9792c}</UniqueIdentifier>
    </Filter>
    <Filter Include="Fichiers sources\GestionDecor">
      <UniqueIdentifier>{538efcc9-05d8-44af-b413-75024f19b5fa}</UniqueIdentifier>
    </Filter>
    <Filter Include="Fichiers d%27en-tête\Ennemi">
      <UniqueIdentifier>{95bc5a11-7e91-4ec1-b12e-963c50a5fd53}</UniqueIdentifier>
    </Filter>
    <Filter Include="Fichiers sources\Ennemi">
      <UniqueIdentifier>{9ff00c11-7a97-45e7-806f-a59b171a2868}</UniqueIdentifier>
    </Filter>
    <Filter Include="Fichiers d%27en-tête\Ennemi\GestionCamion">
      <UniqueIdentifier>{11760f6f-8439-42bf-9c64-f37d7ee4c907}</UniqueIdentifier>
    </Filter>
    <Filter Include="Fichiers sources\Ennemi\GestionCamion">
      <UniqueIdentifier>{f015f3e3-08ed-40b8-9a9c-c861ad934d96}</UniqueIdentifier>
    </Filter>
    <Filter Include="Fichiers sources\Ennemi\GestionMoto">
      <UniqueIdentifier>{54b2f3ec-82f3-4f6d-b98a-bab64d087687}</UniqueIdentifier>
    </Filter>
    <Filter Include="Fichiers d%27en-tête\Ennemi\GestionMoto">
      <UniqueIdentifier>{39861f9a-d9d0-42a6-8c1b-06ee2ea461d1}</UniqueIdentifier>
    </Filter>
    <Filter Include="Fichiers d%27en-tête\Ennemi\GestionMissile">
      <UniqueIdentifier>{9f09cba9-6bc8-4c23-b9f7-77c205be2c4d}</UniqueIdentifier>
    </Filter>
    <Filter Include="Fichiers sources\Ennemi\GestionMissile">
      <UniqueIdentifier>{a91817e4-2036-430a-ae9b-2fca62a55772}</UniqueIdentifier>
    </Filter>
    <Filter Include="Fichiers d%27en-tête\GestionVitesseAnim">
      <UniqueIdentifier>{0c3ccfce-d681-43d6-9182-7fa3add1c99f}</UniqueIdentifier>
    </Filter>
    <Filter Include="Fichiers sources\GestionVitesseAnim">
      <UniqueIdentifier>{3db48195-eae9-45ea-9d71-28183829171f}</UniqueIdentifier>
    </Filter>
  </ItemGroup>
  <ItemGroup>
    <ClCompile Include="main.cpp">
      <Filter>Fichiers sources</Filter>
    </ClCompile>
    <ClCompile Include="GestionAnimation\Animation.cpp">
      <Filter>Fichiers sources\GestionAnimation</Filter>
    </ClCompile>
    <ClCompile Include="GestionAnimation\AnimationPlayer.cpp">
      <Filter>Fichiers sources\GestionAnimation</Filter>
    </ClCompile>
    <ClCompile Include="GestionRoute\Bordure.cpp">
      <Filter>Fichiers sources\GestionRoute</Filter>
    </ClCompile>
    <ClCompile Include="GestionRoute\Route.cpp">
      <Filter>Fichiers sources\GestionRoute</Filter>
    </ClCompile>
    <ClCompile Include="GestionRoute\Voie.cpp">
      <Filter>Fichiers sources\GestionRoute</Filter>
    </ClCompile>
    <ClCompile Include="LeapMotion\LeapListener.cpp">
      <Filter>Fichiers sources\LeapMotion</Filter>
    </ClCompile>
    <ClCompile Include="Fonctionnalite\BaseFunc.cpp">
      <Filter>Fichiers sources\Fonctionnalite</Filter>
    </ClCompile>
    <ClCompile Include="Fonctionnalite\Ressource.cpp">
      <Filter>Fichiers sources\Fonctionnalite</Filter>
    </ClCompile>
    <ClCompile Include="Perso\Monkey.cpp">
      <Filter>Fichiers sources\Perso</Filter>
    </ClCompile>
    <ClCompile Include="GestionDecor\Arbre.cpp">
      <Filter>Fichiers sources\GestionDecor</Filter>
    </ClCompile>
    <ClCompile Include="GestionDecor\Nuage.cpp">
      <Filter>Fichiers sources\GestionDecor</Filter>
    </ClCompile>
    <ClCompile Include="Ennemi\GestionCamion\Camion.cpp">
      <Filter>Fichiers sources\Ennemi\GestionCamion</Filter>
    </ClCompile>
    <ClCompile Include="Ennemi\GestionMoto\Moto.cpp">
      <Filter>Fichiers sources\Ennemi\GestionMoto</Filter>
    </ClCompile>
    <ClCompile Include="Ennemi\GestionMissile\Missile.cpp">
      <Filter>Fichiers sources\Ennemi\GestionMissile</Filter>
    </ClCompile>
    <ClCompile Include="GestionVitesseAnim\GestionVitesseAnim.cpp">
      <Filter>Fichiers sources\GestionVitesseAnim</Filter>
    </ClCompile>
  </ItemGroup>
  <ItemGroup>
    <ClInclude Include="include\Leap.h">
      <Filter>Fichiers d%27en-tête\include</Filter>
    </ClInclude>
    <ClInclude Include="include\LeapMath.h">
      <Filter>Fichiers d%27en-tête\include</Filter>
    </ClInclude>
    <ClInclude Include="SDL\include\begin_code.h">
      <Filter>Fichiers d%27en-tête\SDL\include</Filter>
    </ClInclude>
    <ClInclude Include="SDL\include\close_code.h">
      <Filter>Fichiers d%27en-tête\SDL\include</Filter>
    </ClInclude>
    <ClInclude Include="SDL\include\SDL.h">
      <Filter>Fichiers d%27en-tête\SDL\include</Filter>
    </ClInclude>
    <ClInclude Include="SDL\include\SDL_assert.h">
      <Filter>Fichiers d%27en-tête\SDL\include</Filter>
    </ClInclude>
    <ClInclude Include="SDL\include\SDL_atomic.h">
      <Filter>Fichiers d%27en-tête\SDL\include</Filter>
    </ClInclude>
    <ClInclude Include="SDL\include\SDL_audio.h">
      <Filter>Fichiers d%27en-tête\SDL\include</Filter>
    </ClInclude>
    <ClInclude Include="SDL\include\SDL_bits.h">
      <Filter>Fichiers d%27en-tête\SDL\include</Filter>
    </ClInclude>
    <ClInclude Include="SDL\include\SDL_blendmode.h">
      <Filter>Fichiers d%27en-tête\SDL\include</Filter>
    </ClInclude>
    <ClInclude Include="SDL\include\SDL_clipboard.h">
      <Filter>Fichiers d%27en-tête\SDL\include</Filter>
    </ClInclude>
    <ClInclude Include="SDL\include\SDL_config.h">
      <Filter>Fichiers d%27en-tête\SDL\include</Filter>
    </ClInclude>
    <ClInclude Include="SDL\include\SDL_cpuinfo.h">
      <Filter>Fichiers d%27en-tête\SDL\include</Filter>
    </ClInclude>
    <ClInclude Include="SDL\include\SDL_endian.h">
      <Filter>Fichiers d%27en-tête\SDL\include</Filter>
    </ClInclude>
    <ClInclude Include="SDL\include\SDL_error.h">
      <Filter>Fichiers d%27en-tête\SDL\include</Filter>
    </ClInclude>
    <ClInclude Include="SDL\include\SDL_events.h">
      <Filter>Fichiers d%27en-tête\SDL\include</Filter>
    </ClInclude>
    <ClInclude Include="SDL\include\SDL_filesystem.h">
      <Filter>Fichiers d%27en-tête\SDL\include</Filter>
    </ClInclude>
    <ClInclude Include="SDL\include\SDL_gamecontroller.h">
      <Filter>Fichiers d%27en-tête\SDL\include</Filter>
    </ClInclude>
    <ClInclude Include="SDL\include\SDL_gesture.h">
      <Filter>Fichiers d%27en-tête\SDL\include</Filter>
    </ClInclude>
    <ClInclude Include="SDL\include\SDL_haptic.h">
      <Filter>Fichiers d%27en-tête\SDL\include</Filter>
    </ClInclude>
    <ClInclude Include="SDL\include\SDL_hints.h">
      <Filter>Fichiers d%27en-tête\SDL\include</Filter>
    </ClInclude>
    <ClInclude Include="SDL\include\SDL_joystick.h">
      <Filter>Fichiers d%27en-tête\SDL\include</Filter>
    </ClInclude>
    <ClInclude Include="SDL\include\SDL_keyboard.h">
      <Filter>Fichiers d%27en-tête\SDL\include</Filter>
    </ClInclude>
    <ClInclude Include="SDL\include\SDL_keycode.h">
      <Filter>Fichiers d%27en-tête\SDL\include</Filter>
    </ClInclude>
    <ClInclude Include="SDL\include\SDL_loadso.h">
      <Filter>Fichiers d%27en-tête\SDL\include</Filter>
    </ClInclude>
    <ClInclude Include="SDL\include\SDL_log.h">
      <Filter>Fichiers d%27en-tête\SDL\include</Filter>
    </ClInclude>
    <ClInclude Include="SDL\include\SDL_main.h">
      <Filter>Fichiers d%27en-tête\SDL\include</Filter>
    </ClInclude>
    <ClInclude Include="SDL\include\SDL_messagebox.h">
      <Filter>Fichiers d%27en-tête\SDL\include</Filter>
    </ClInclude>
    <ClInclude Include="SDL\include\SDL_mouse.h">
      <Filter>Fichiers d%27en-tête\SDL\include</Filter>
    </ClInclude>
    <ClInclude Include="SDL\include\SDL_mutex.h">
      <Filter>Fichiers d%27en-tête\SDL\include</Filter>
    </ClInclude>
    <ClInclude Include="SDL\include\SDL_name.h">
      <Filter>Fichiers d%27en-tête\SDL\include</Filter>
    </ClInclude>
    <ClInclude Include="SDL\include\SDL_opengl.h">
      <Filter>Fichiers d%27en-tête\SDL\include</Filter>
    </ClInclude>
    <ClInclude Include="SDL\include\SDL_opengles.h">
      <Filter>Fichiers d%27en-tête\SDL\include</Filter>
    </ClInclude>
    <ClInclude Include="SDL\include\SDL_opengles2.h">
      <Filter>Fichiers d%27en-tête\SDL\include</Filter>
    </ClInclude>
    <ClInclude Include="SDL\include\SDL_pixels.h">
      <Filter>Fichiers d%27en-tête\SDL\include</Filter>
    </ClInclude>
    <ClInclude Include="SDL\include\SDL_platform.h">
      <Filter>Fichiers d%27en-tête\SDL\include</Filter>
    </ClInclude>
    <ClInclude Include="SDL\include\SDL_power.h">
      <Filter>Fichiers d%27en-tête\SDL\include</Filter>
    </ClInclude>
    <ClInclude Include="SDL\include\SDL_quit.h">
      <Filter>Fichiers d%27en-tête\SDL\include</Filter>
    </ClInclude>
    <ClInclude Include="SDL\include\SDL_rect.h">
      <Filter>Fichiers d%27en-tête\SDL\include</Filter>
    </ClInclude>
    <ClInclude Include="SDL\include\SDL_render.h">
      <Filter>Fichiers d%27en-tête\SDL\include</Filter>
    </ClInclude>
    <ClInclude Include="SDL\include\SDL_revision.h">
      <Filter>Fichiers d%27en-tête\SDL\include</Filter>
    </ClInclude>
    <ClInclude Include="SDL\include\SDL_rwops.h">
      <Filter>Fichiers d%27en-tête\SDL\include</Filter>
    </ClInclude>
    <ClInclude Include="SDL\include\SDL_scancode.h">
      <Filter>Fichiers d%27en-tête\SDL\include</Filter>
    </ClInclude>
    <ClInclude Include="SDL\include\SDL_shape.h">
      <Filter>Fichiers d%27en-tête\SDL\include</Filter>
    </ClInclude>
    <ClInclude Include="SDL\include\SDL_stdinc.h">
      <Filter>Fichiers d%27en-tête\SDL\include</Filter>
    </ClInclude>
    <ClInclude Include="SDL\include\SDL_surface.h">
      <Filter>Fichiers d%27en-tête\SDL\include</Filter>
    </ClInclude>
    <ClInclude Include="SDL\include\SDL_system.h">
      <Filter>Fichiers d%27en-tête\SDL\include</Filter>
    </ClInclude>
    <ClInclude Include="SDL\include\SDL_syswm.h">
      <Filter>Fichiers d%27en-tête\SDL\include</Filter>
    </ClInclude>
    <ClInclude Include="SDL\include\SDL_test.h">
      <Filter>Fichiers d%27en-tête\SDL\include</Filter>
    </ClInclude>
    <ClInclude Include="SDL\include\SDL_test_assert.h">
      <Filter>Fichiers d%27en-tête\SDL\include</Filter>
    </ClInclude>
    <ClInclude Include="SDL\include\SDL_test_common.h">
      <Filter>Fichiers d%27en-tête\SDL\include</Filter>
    </ClInclude>
    <ClInclude Include="SDL\include\SDL_test_compare.h">
      <Filter>Fichiers d%27en-tête\SDL\include</Filter>
    </ClInclude>
    <ClInclude Include="SDL\include\SDL_test_crc32.h">
      <Filter>Fichiers d%27en-tête\SDL\include</Filter>
    </ClInclude>
    <ClInclude Include="SDL\include\SDL_test_font.h">
      <Filter>Fichiers d%27en-tête\SDL\include</Filter>
    </ClInclude>
    <ClInclude Include="SDL\include\SDL_test_fuzzer.h">
      <Filter>Fichiers d%27en-tête\SDL\include</Filter>
    </ClInclude>
    <ClInclude Include="SDL\include\SDL_test_harness.h">
      <Filter>Fichiers d%27en-tête\SDL\include</Filter>
    </ClInclude>
    <ClInclude Include="SDL\include\SDL_test_images.h">
      <Filter>Fichiers d%27en-tête\SDL\include</Filter>
    </ClInclude>
    <ClInclude Include="SDL\include\SDL_test_log.h">
      <Filter>Fichiers d%27en-tête\SDL\include</Filter>
    </ClInclude>
    <ClInclude Include="SDL\include\SDL_test_md5.h">
      <Filter>Fichiers d%27en-tête\SDL\include</Filter>
    </ClInclude>
    <ClInclude Include="SDL\include\SDL_test_random.h">
      <Filter>Fichiers d%27en-tête\SDL\include</Filter>
    </ClInclude>
    <ClInclude Include="SDL\include\SDL_thread.h">
      <Filter>Fichiers d%27en-tête\SDL\include</Filter>
    </ClInclude>
    <ClInclude Include="SDL\include\SDL_timer.h">
      <Filter>Fichiers d%27en-tête\SDL\include</Filter>
    </ClInclude>
    <ClInclude Include="SDL\include\SDL_touch.h">
      <Filter>Fichiers d%27en-tête\SDL\include</Filter>
    </ClInclude>
    <ClInclude Include="SDL\include\SDL_types.h">
      <Filter>Fichiers d%27en-tête\SDL\include</Filter>
    </ClInclude>
    <ClInclude Include="SDL\include\SDL_version.h">
      <Filter>Fichiers d%27en-tête\SDL\include</Filter>
    </ClInclude>
    <ClInclude Include="SDL\include\SDL_video.h">
      <Filter>Fichiers d%27en-tête\SDL\include</Filter>
    </ClInclude>
    <ClInclude Include="SDL\Image\SDL_image.h">
      <Filter>Fichiers d%27en-tête\Image</Filter>
    </ClInclude>
    <ClInclude Include="GestionAnimation\AnimationPlayer.h">
      <Filter>Fichiers d%27en-tête\GestionAnimation</Filter>
    </ClInclude>
    <ClInclude Include="GestionAnimation\Animation.h">
      <Filter>Fichiers d%27en-tête\GestionAnimation</Filter>
    </ClInclude>
    <ClInclude Include="GestionRoute\Route.h">
      <Filter>Fichiers d%27en-tête\GestionRoute</Filter>
    </ClInclude>
    <ClInclude Include="GestionRoute\Voie.h">
      <Filter>Fichiers d%27en-tête\GestionRoute</Filter>
    </ClInclude>
    <ClInclude Include="GestionRoute\Bordure.h">
      <Filter>Fichiers d%27en-tête\GestionRoute</Filter>
    </ClInclude>
    <ClInclude Include="LeapMotion\LeapListener.h">
      <Filter>Fichiers d%27en-tête\LeapMotion</Filter>
    </ClInclude>
    <ClInclude Include="Fonctionnalite\BaseFunc.h">
      <Filter>Fichiers d%27en-tête\Fonctionnalite</Filter>
    </ClInclude>
    <ClInclude Include="Fonctionnalite\Ressource.h">
      <Filter>Fichiers d%27en-tête\Fonctionnalite</Filter>
    </ClInclude>
    <ClInclude Include="Perso\Monkey.h">
      <Filter>Fichiers d%27en-tête\Perso</Filter>
    </ClInclude>
    <ClInclude Include="GestionDecor\Arbre.h">
      <Filter>Fichiers d%27en-tête\GestionDecor</Filter>
    </ClInclude>
    <ClInclude Include="GestionDecor\Nuage.h">
      <Filter>Fichiers d%27en-tête\GestionDecor</Filter>
    </ClInclude>
    <ClInclude Include="Ennemi\GestionCamion\Camion.h">
      <Filter>Fichiers d%27en-tête\Ennemi\GestionCamion</Filter>
    </ClInclude>
    <ClInclude Include="Ennemi\GestionMoto\Moto.h">
      <Filter>Fichiers d%27en-tête\Ennemi\GestionMoto</Filter>
    </ClInclude>
    <ClInclude Include="Ennemi\GestionMissile\Missile.h">
      <Filter>Fichiers d%27en-tête\Ennemi\GestionMissile</Filter>
    </ClInclude>
    <ClInclude Include="GestionVitesseAnim\GestionVitesseAnim.h">
      <Filter>Fichiers d%27en-tête\GestionVitesseAnim</Filter>
    </ClInclude>
  </ItemGroup>
  <ItemGroup>
    <Library Include="lib\Leap.lib">
      <Filter>Fichiers de ressources\lib</Filter>
    </Library>
    <Library Include="lib\Leapd.lib">
      <Filter>Fichiers de ressources\lib</Filter>
    </Library>
    <Library Include="SDL\lib\x86\SDL2.lib">
      <Filter>Fichiers de ressources\SDL\lib\x86</Filter>
    </Library>
    <Library Include="SDL\lib\x86\SDL2main.lib">
      <Filter>Fichiers de ressources\SDL\lib\x86</Filter>
    </Library>
    <Library Include="SDL\lib\x86\SDL2test.lib">
      <Filter>Fichiers de ressources\SDL\lib\x86</Filter>
    </Library>
    <Library Include="SDL\lib\x64\SDL2.lib">
      <Filter>Fichiers de ressources\SDL\lib\x64</Filter>
    </Library>
    <Library Include="SDL\lib\x64\SDL2main.lib">
      <Filter>Fichiers de ressources\SDL\lib\x64</Filter>
    </Library>
    <Library Include="SDL\lib\x64\SDL2test.lib">
      <Filter>Fichiers de ressources\SDL\lib\x64</Filter>
    </Library>
    <Library Include="SDL\Image\SDL2_image.lib">
      <Filter>Fichiers de ressources\Image</Filter>
    </Library>
  </ItemGroup>
  <ItemGroup>
    <None Include="SDL\lib\x86\SDL2.dll">
      <Filter>Fichiers de ressources\SDL\lib\x86</Filter>
    </None>
    <None Include="SDL\lib\x64\SDL2.dll">
      <Filter>Fichiers de ressources\SDL\lib\x64</Filter>
    </None>
  </ItemGroup>
</Project>